// !$*UTF8*$!
{
	archiveVersion = 1;
	classes = {
	};
	objectVersion = 50;
	objects = {

/* Begin PBXBuildFile section */
		3D2BE737220231F200E28519 /* AppDelegate.swift in Sources */ = {isa = PBXBuildFile; fileRef = 3D2BE736220231F200E28519 /* AppDelegate.swift */; };
		3D2BE73A220231F200E28519 /* CoreDexter.xcdatamodeld in Sources */ = {isa = PBXBuildFile; fileRef = 3D2BE738220231F200E28519 /* CoreDexter.xcdatamodeld */; };
		3D2BE73C220231F200E28519 /* MasterViewController.swift in Sources */ = {isa = PBXBuildFile; fileRef = 3D2BE73B220231F200E28519 /* MasterViewController.swift */; };
		3D2BE73E220231F200E28519 /* DetailViewController.swift in Sources */ = {isa = PBXBuildFile; fileRef = 3D2BE73D220231F200E28519 /* DetailViewController.swift */; };
		3D2BE741220231F200E28519 /* Main.storyboard in Resources */ = {isa = PBXBuildFile; fileRef = 3D2BE73F220231F200E28519 /* Main.storyboard */; };
		3D2BE746220231F300E28519 /* LaunchScreen.storyboard in Resources */ = {isa = PBXBuildFile; fileRef = 3D2BE744220231F300E28519 /* LaunchScreen.storyboard */; };
		3D2BE74E220238D400E28519 /* PokeDataLoader.swift in Sources */ = {isa = PBXBuildFile; fileRef = 3D2BE74D220238D400E28519 /* PokeDataLoader.swift */; };
		3D2C342C220B32E300282C38 /* PokeViewModel.swift in Sources */ = {isa = PBXBuildFile; fileRef = 3D2C342B220B32E300282C38 /* PokeViewModel.swift */; };
		3D2C342F220B64CB00282C38 /* Settings.swift in Sources */ = {isa = PBXBuildFile; fileRef = 3D2C342E220B64CB00282C38 /* Settings.swift */; };
		3D2C3434220B6FF400282C38 /* Settings.bundle in Resources */ = {isa = PBXBuildFile; fileRef = 3D2C3433220B6FF300282C38 /* Settings.bundle */; };
		3D381D172208BD88005503CF /* TableViewSubclasses.swift in Sources */ = {isa = PBXBuildFile; fileRef = 3D381D162208BD88005503CF /* TableViewSubclasses.swift */; };
		3D4060F92204E63100196626 /* MajorMonoDisplay-Regular.ttf in Resources */ = {isa = PBXBuildFile; fileRef = 3D4060F82204E63100196626 /* MajorMonoDisplay-Regular.ttf */; };
		570876F1226CB1C900B64508 /* Messaging.swift in Sources */ = {isa = PBXBuildFile; fileRef = 570876F0226CB1C900B64508 /* Messaging.swift */; };
		570C50672268C6D100DC357A /* GeneralSubclasses.swift in Sources */ = {isa = PBXBuildFile; fileRef = 570C50662268C6D100DC357A /* GeneralSubclasses.swift */; };
		5710A59D224BF92F004F196F /* CoreDataTests.swift in Sources */ = {isa = PBXBuildFile; fileRef = 5710A59C224BF92F004F196F /* CoreDataTests.swift */; };
		572C6E67225E676E00BD4F1F /* Rubik-Light.ttf in Resources */ = {isa = PBXBuildFile; fileRef = 572C6E66225E676E00BD4F1F /* Rubik-Light.ttf */; };
		573E8ED722564E4F0009808E /* Assets.xcassets in Resources */ = {isa = PBXBuildFile; fileRef = 3D2BE742220231F300E28519 /* Assets.xcassets */; };
		573E8ED922564E940009808E /* CDIcon1024.jpeg in Resources */ = {isa = PBXBuildFile; fileRef = 573E8ED822564E940009808E /* CDIcon1024.jpeg */; };
		5743B655226F5B5700113807 /* MasterViewControllerAnimating.swift in Sources */ = {isa = PBXBuildFile; fileRef = 5743B654226F5B5700113807 /* MasterViewControllerAnimating.swift */; };
		5773AF81224C15D700C90641 /* FilesystemOperationTests.swift in Sources */ = {isa = PBXBuildFile; fileRef = 5773AF80224C15D700C90641 /* FilesystemOperationTests.swift */; };
		57A859F5223ABACD00926BF7 /* PokeAPIKit.swift in Sources */ = {isa = PBXBuildFile; fileRef = 57A859F4223ABACD00926BF7 /* PokeAPIKit.swift */; };
		57A859FA223ABB8600926BF7 /* libPokeAPIKit.a in Frameworks */ = {isa = PBXBuildFile; fileRef = 57A859F2223ABACD00926BF7 /* libPokeAPIKit.a */; };
		57BBE9F1224F9B130062E6DA /* ExtensionsEtx.swift in Sources */ = {isa = PBXBuildFile; fileRef = 3D4060FA2204E93300196626 /* ExtensionsEtx.swift */; };
		57E46F65226E3366000E1BCE /* Predicates.swift in Sources */ = {isa = PBXBuildFile; fileRef = 57E46F64226E3366000E1BCE /* Predicates.swift */; };
		57E46F68226E4005000E1BCE /* MasterViewSearching.swift in Sources */ = {isa = PBXBuildFile; fileRef = 57E46F67226E4005000E1BCE /* MasterViewSearching.swift */; };
		57ED9592226A525800FECD71 /* PokeCamera.framework in Frameworks */ = {isa = PBXBuildFile; fileRef = 57ED958E226A509E00FECD71 /* PokeCamera.framework */; };
		57ED9593226A525800FECD71 /* PokeCamera.framework in Embed Frameworks */ = {isa = PBXBuildFile; fileRef = 57ED958E226A509E00FECD71 /* PokeCamera.framework */; settings = {ATTRIBUTES = (CodeSignOnCopy, RemoveHeadersOnCopy, ); }; };
		57F19B60227B5C5B0051338B /* Content.swift in Sources */ = {isa = PBXBuildFile; fileRef = 57F19B5F227B5C5B0051338B /* Content.swift */; };
		57F19B62227B5C7D0051338B /* InfoViewController.swift in Sources */ = {isa = PBXBuildFile; fileRef = 57F19B61227B5C7D0051338B /* InfoViewController.swift */; };
		57F19B64227B5DF60051338B /* MasterViewControllerInfoExtension.swift in Sources */ = {isa = PBXBuildFile; fileRef = 57F19B63227B5DF60051338B /* MasterViewControllerInfoExtension.swift */; };
		57F4078B2266962E00F92289 /* Extensions.swift in Sources */ = {isa = PBXBuildFile; fileRef = 57F4078A2266962E00F92289 /* Extensions.swift */; };
/* End PBXBuildFile section */

/* Begin PBXContainerItemProxy section */
		5710A59F224BF92F004F196F /* PBXContainerItemProxy */ = {
			isa = PBXContainerItemProxy;
			containerPortal = 3D2BE72B220231F200E28519 /* Project object */;
			proxyType = 1;
			remoteGlobalIDString = 3D2BE732220231F200E28519;
			remoteInfo = CoreDexter;
		};
/* End PBXContainerItemProxy section */

/* Begin PBXCopyFilesBuildPhase section */
		57A859F0223ABACD00926BF7 /* CopyFiles */ = {
			isa = PBXCopyFilesBuildPhase;
			buildActionMask = 2147483647;
			dstPath = "include/$(PRODUCT_NAME)";
			dstSubfolderSpec = 16;
			files = (
			);
			runOnlyForDeploymentPostprocessing = 0;
		};
		57ED9594226A525900FECD71 /* Embed Frameworks */ = {
			isa = PBXCopyFilesBuildPhase;
			buildActionMask = 2147483647;
			dstPath = "";
			dstSubfolderSpec = 10;
			files = (
				57ED9593226A525800FECD71 /* PokeCamera.framework in Embed Frameworks */,
			);
			name = "Embed Frameworks";
			runOnlyForDeploymentPostprocessing = 0;
		};
/* End PBXCopyFilesBuildPhase section */

/* Begin PBXFileReference section */
		3D2BE733220231F200E28519 /* CoreDexter.app */ = {isa = PBXFileReference; explicitFileType = wrapper.application; includeInIndex = 0; path = CoreDexter.app; sourceTree = BUILT_PRODUCTS_DIR; };
		3D2BE736220231F200E28519 /* AppDelegate.swift */ = {isa = PBXFileReference; lastKnownFileType = sourcecode.swift; path = AppDelegate.swift; sourceTree = "<group>"; };
		3D2BE739220231F200E28519 /* CoreDexter.xcdatamodel */ = {isa = PBXFileReference; lastKnownFileType = wrapper.xcdatamodel; path = CoreDexter.xcdatamodel; sourceTree = "<group>"; };
		3D2BE73B220231F200E28519 /* MasterViewController.swift */ = {isa = PBXFileReference; lastKnownFileType = sourcecode.swift; path = MasterViewController.swift; sourceTree = "<group>"; };
		3D2BE73D220231F200E28519 /* DetailViewController.swift */ = {isa = PBXFileReference; lastKnownFileType = sourcecode.swift; path = DetailViewController.swift; sourceTree = "<group>"; };
		3D2BE740220231F200E28519 /* Base */ = {isa = PBXFileReference; lastKnownFileType = file.storyboard; name = Base; path = Base.lproj/Main.storyboard; sourceTree = "<group>"; };
		3D2BE742220231F300E28519 /* Assets.xcassets */ = {isa = PBXFileReference; lastKnownFileType = folder.assetcatalog; path = Assets.xcassets; sourceTree = "<group>"; };
		3D2BE745220231F300E28519 /* Base */ = {isa = PBXFileReference; lastKnownFileType = file.storyboard; name = Base; path = Base.lproj/LaunchScreen.storyboard; sourceTree = "<group>"; };
		3D2BE747220231F300E28519 /* Info.plist */ = {isa = PBXFileReference; lastKnownFileType = text.plist.xml; path = Info.plist; sourceTree = "<group>"; };
		3D2BE74D220238D400E28519 /* PokeDataLoader.swift */ = {isa = PBXFileReference; lastKnownFileType = sourcecode.swift; path = PokeDataLoader.swift; sourceTree = "<group>"; };
		3D2C342B220B32E300282C38 /* PokeViewModel.swift */ = {isa = PBXFileReference; lastKnownFileType = sourcecode.swift; path = PokeViewModel.swift; sourceTree = "<group>"; };
		3D2C342E220B64CB00282C38 /* Settings.swift */ = {isa = PBXFileReference; lastKnownFileType = sourcecode.swift; path = Settings.swift; sourceTree = "<group>"; };
		3D2C3433220B6FF300282C38 /* Settings.bundle */ = {isa = PBXFileReference; lastKnownFileType = "wrapper.plug-in"; path = Settings.bundle; sourceTree = "<group>"; };
		3D381D162208BD88005503CF /* TableViewSubclasses.swift */ = {isa = PBXFileReference; lastKnownFileType = sourcecode.swift; path = TableViewSubclasses.swift; sourceTree = "<group>"; };
		3D4060F82204E63100196626 /* MajorMonoDisplay-Regular.ttf */ = {isa = PBXFileReference; lastKnownFileType = file; path = "MajorMonoDisplay-Regular.ttf"; sourceTree = "<group>"; };
		3D4060FA2204E93300196626 /* ExtensionsEtx.swift */ = {isa = PBXFileReference; lastKnownFileType = sourcecode.swift; path = ExtensionsEtx.swift; sourceTree = "<group>"; };
		570876F0226CB1C900B64508 /* Messaging.swift */ = {isa = PBXFileReference; lastKnownFileType = sourcecode.swift; name = Messaging.swift; path = CoreDexter/Messaging.swift; sourceTree = SOURCE_ROOT; };
		570C50662268C6D100DC357A /* GeneralSubclasses.swift */ = {isa = PBXFileReference; lastKnownFileType = sourcecode.swift; path = GeneralSubclasses.swift; sourceTree = "<group>"; };
		5710A59A224BF92F004F196F /* CoreDexterTests.xctest */ = {isa = PBXFileReference; explicitFileType = wrapper.cfbundle; includeInIndex = 0; path = CoreDexterTests.xctest; sourceTree = BUILT_PRODUCTS_DIR; };
		5710A59C224BF92F004F196F /* CoreDataTests.swift */ = {isa = PBXFileReference; lastKnownFileType = sourcecode.swift; path = CoreDataTests.swift; sourceTree = "<group>"; };
		5710A59E224BF92F004F196F /* Info.plist */ = {isa = PBXFileReference; lastKnownFileType = text.plist.xml; path = Info.plist; sourceTree = "<group>"; };
		572C6E66225E676E00BD4F1F /* Rubik-Light.ttf */ = {isa = PBXFileReference; lastKnownFileType = file; path = "Rubik-Light.ttf"; sourceTree = "<group>"; };
		573E8ED822564E940009808E /* CDIcon1024.jpeg */ = {isa = PBXFileReference; lastKnownFileType = image.jpeg; name = CDIcon1024.jpeg; path = CoreDexter/Assets.xcassets/AppIcon.appiconset/CDIcon1024.jpeg; sourceTree = "<group>"; };
		5743B654226F5B5700113807 /* MasterViewControllerAnimating.swift */ = {isa = PBXFileReference; lastKnownFileType = sourcecode.swift; path = MasterViewControllerAnimating.swift; sourceTree = "<group>"; };
		5773AF80224C15D700C90641 /* FilesystemOperationTests.swift */ = {isa = PBXFileReference; lastKnownFileType = sourcecode.swift; path = FilesystemOperationTests.swift; sourceTree = "<group>"; };
		57A859F2223ABACD00926BF7 /* libPokeAPIKit.a */ = {isa = PBXFileReference; explicitFileType = archive.ar; includeInIndex = 0; path = libPokeAPIKit.a; sourceTree = BUILT_PRODUCTS_DIR; };
		57A859F4223ABACD00926BF7 /* PokeAPIKit.swift */ = {isa = PBXFileReference; lastKnownFileType = sourcecode.swift; path = PokeAPIKit.swift; sourceTree = "<group>"; };
		57E46F64226E3366000E1BCE /* Predicates.swift */ = {isa = PBXFileReference; lastKnownFileType = sourcecode.swift; path = Predicates.swift; sourceTree = "<group>"; };
		57E46F67226E4005000E1BCE /* MasterViewSearching.swift */ = {isa = PBXFileReference; lastKnownFileType = sourcecode.swift; path = MasterViewSearching.swift; sourceTree = "<group>"; };
		57ED958E226A509E00FECD71 /* PokeCamera.framework */ = {isa = PBXFileReference; explicitFileType = wrapper.framework; path = PokeCamera.framework; sourceTree = BUILT_PRODUCTS_DIR; };
		57F19B5F227B5C5B0051338B /* Content.swift */ = {isa = PBXFileReference; lastKnownFileType = sourcecode.swift; name = Content.swift; path = ../Content.swift; sourceTree = "<group>"; };
		57F19B61227B5C7D0051338B /* InfoViewController.swift */ = {isa = PBXFileReference; lastKnownFileType = sourcecode.swift; path = InfoViewController.swift; sourceTree = "<group>"; };
		57F19B63227B5DF60051338B /* MasterViewControllerInfoExtension.swift */ = {isa = PBXFileReference; lastKnownFileType = sourcecode.swift; path = MasterViewControllerInfoExtension.swift; sourceTree = "<group>"; };
		57F4078A2266962E00F92289 /* Extensions.swift */ = {isa = PBXFileReference; lastKnownFileType = sourcecode.swift; path = Extensions.swift; sourceTree = "<group>"; };
/* End PBXFileReference section */

/* Begin PBXFrameworksBuildPhase section */
		3D2BE730220231F200E28519 /* Frameworks */ = {
			isa = PBXFrameworksBuildPhase;
			buildActionMask = 2147483647;
			files = (
				57ED9592226A525800FECD71 /* PokeCamera.framework in Frameworks */,
				57A859FA223ABB8600926BF7 /* libPokeAPIKit.a in Frameworks */,
			);
			runOnlyForDeploymentPostprocessing = 0;
		};
		5710A597224BF92F004F196F /* Frameworks */ = {
			isa = PBXFrameworksBuildPhase;
			buildActionMask = 2147483647;
			files = (
			);
			runOnlyForDeploymentPostprocessing = 0;
		};
		57A859EF223ABACD00926BF7 /* Frameworks */ = {
			isa = PBXFrameworksBuildPhase;
			buildActionMask = 2147483647;
			files = (
			);
			runOnlyForDeploymentPostprocessing = 0;
		};
/* End PBXFrameworksBuildPhase section */

/* Begin PBXGroup section */
		3D2BE72A220231F200E28519 = {
			isa = PBXGroup;
			children = (
				573E8ED822564E940009808E /* CDIcon1024.jpeg */,
				3D2C342E220B64CB00282C38 /* Settings.swift */,
				3D2BE736220231F200E28519 /* AppDelegate.swift */,
				57F4078A2266962E00F92289 /* Extensions.swift */,
				57F19B5F227B5C5B0051338B /* Content.swift */,
				3D2C3433220B6FF300282C38 /* Settings.bundle */,
				3D2BE735220231F200E28519 /* CoreDexter */,
				57A859F3223ABACD00926BF7 /* PokeAPIKit */,
				5710A59B224BF92F004F196F /* CoreDexterTests */,
				3D2BE734220231F200E28519 /* Products */,
				57A859F9223ABB8600926BF7 /* Frameworks */,
			);
			sourceTree = "<group>";
		};
		3D2BE734220231F200E28519 /* Products */ = {
			isa = PBXGroup;
			children = (
				3D2BE733220231F200E28519 /* CoreDexter.app */,
				57A859F2223ABACD00926BF7 /* libPokeAPIKit.a */,
				5710A59A224BF92F004F196F /* CoreDexterTests.xctest */,
			);
			name = Products;
			sourceTree = "<group>";
		};
		3D2BE735220231F200E28519 /* CoreDexter */ = {
			isa = PBXGroup;
			children = (
				570876F0226CB1C900B64508 /* Messaging.swift */,
				57E46F66226E3382000E1BCE /* Data */,
				3D2C3431220B6C9100282C38 /* Models */,
				3D2C3430220B6C8200282C38 /* ViewModels */,
				3D2C342D220B4A4500282C38 /* Views */,
				3D4060F82204E63100196626 /* MajorMonoDisplay-Regular.ttf */,
				572C6E66225E676E00BD4F1F /* Rubik-Light.ttf */,
				3D2BE73F220231F200E28519 /* Main.storyboard */,
				3D2BE742220231F300E28519 /* Assets.xcassets */,
				3D2BE744220231F300E28519 /* LaunchScreen.storyboard */,
				3D2BE747220231F300E28519 /* Info.plist */,
			);
			path = CoreDexter;
			sourceTree = "<group>";
		};
		3D2C342D220B4A4500282C38 /* Views */ = {
			isa = PBXGroup;
			children = (
				57F19B65227C95480051338B /* MasterViewController */,
				57F19B61227B5C7D0051338B /* InfoViewController.swift */,
				3D2BE73D220231F200E28519 /* DetailViewController.swift */,
				3D381D162208BD88005503CF /* TableViewSubclasses.swift */,
				570C50662268C6D100DC357A /* GeneralSubclasses.swift */,
			);
			path = Views;
			sourceTree = "<group>";
		};
		3D2C3430220B6C8200282C38 /* ViewModels */ = {
			isa = PBXGroup;
			children = (
				3D2C342B220B32E300282C38 /* PokeViewModel.swift */,
			);
			path = ViewModels;
			sourceTree = "<group>";
		};
		3D2C3431220B6C9100282C38 /* Models */ = {
			isa = PBXGroup;
			children = (
				3D2BE74D220238D400E28519 /* PokeDataLoader.swift */,
			);
			path = Models;
			sourceTree = "<group>";
		};
		5710A59B224BF92F004F196F /* CoreDexterTests */ = {
			isa = PBXGroup;
			children = (
				5710A59C224BF92F004F196F /* CoreDataTests.swift */,
				5773AF80224C15D700C90641 /* FilesystemOperationTests.swift */,
				5710A59E224BF92F004F196F /* Info.plist */,
			);
			path = CoreDexterTests;
			sourceTree = "<group>";
		};
		57A859F3223ABACD00926BF7 /* PokeAPIKit */ = {
			isa = PBXGroup;
			children = (
				57A859F4223ABACD00926BF7 /* PokeAPIKit.swift */,
				3D4060FA2204E93300196626 /* ExtensionsEtx.swift */,
			);
			path = PokeAPIKit;
			sourceTree = "<group>";
		};
		57A859F9223ABB8600926BF7 /* Frameworks */ = {
			isa = PBXGroup;
			children = (
				57ED958E226A509E00FECD71 /* PokeCamera.framework */,
			);
			name = Frameworks;
			sourceTree = "<group>";
		};
		57E46F66226E3382000E1BCE /* Data */ = {
			isa = PBXGroup;
			children = (
				3D2BE738220231F200E28519 /* CoreDexter.xcdatamodeld */,
				57E46F64226E3366000E1BCE /* Predicates.swift */,
			);
			name = Data;
			path = ../..;
			sourceTree = "<group>";
		};
		57F19B65227C95480051338B /* MasterViewController */ = {
			isa = PBXGroup;
			children = (
				3D2BE73B220231F200E28519 /* MasterViewController.swift */,
				5743B654226F5B5700113807 /* MasterViewControllerAnimating.swift */,
				57E46F67226E4005000E1BCE /* MasterViewSearching.swift */,
				57F19B63227B5DF60051338B /* MasterViewControllerInfoExtension.swift */,
			);
			path = MasterViewController;
			sourceTree = "<group>";
		};
/* End PBXGroup section */

/* Begin PBXNativeTarget section */
		3D2BE732220231F200E28519 /* CoreDexter */ = {
			isa = PBXNativeTarget;
			buildConfigurationList = 3D2BE74A220231F300E28519 /* Build configuration list for PBXNativeTarget "CoreDexter" */;
			buildPhases = (
				3D2BE72F220231F200E28519 /* Sources */,
				3D2BE730220231F200E28519 /* Frameworks */,
				3D2BE731220231F200E28519 /* Resources */,
				57ED9594226A525900FECD71 /* Embed Frameworks */,
			);
			buildRules = (
			);
			dependencies = (
			);
			name = CoreDexter;
			productName = CoreDexter;
			productReference = 3D2BE733220231F200E28519 /* CoreDexter.app */;
			productType = "com.apple.product-type.application";
		};
		5710A599224BF92F004F196F /* CoreDexterTests */ = {
			isa = PBXNativeTarget;
			buildConfigurationList = 5710A5A3224BF92F004F196F /* Build configuration list for PBXNativeTarget "CoreDexterTests" */;
			buildPhases = (
				5710A596224BF92F004F196F /* Sources */,
				5710A597224BF92F004F196F /* Frameworks */,
				5710A598224BF92F004F196F /* Resources */,
			);
			buildRules = (
			);
			dependencies = (
				5710A5A0224BF92F004F196F /* PBXTargetDependency */,
			);
			name = CoreDexterTests;
			productName = CoreDexterTests;
			productReference = 5710A59A224BF92F004F196F /* CoreDexterTests.xctest */;
			productType = "com.apple.product-type.bundle.unit-test";
		};
		57A859F1223ABACD00926BF7 /* PokeAPIKit */ = {
			isa = PBXNativeTarget;
			buildConfigurationList = 57A859F8223ABACD00926BF7 /* Build configuration list for PBXNativeTarget "PokeAPIKit" */;
			buildPhases = (
				57A859EE223ABACD00926BF7 /* Sources */,
				57A859EF223ABACD00926BF7 /* Frameworks */,
				57A859F0223ABACD00926BF7 /* CopyFiles */,
			);
			buildRules = (
			);
			dependencies = (
			);
			name = PokeAPIKit;
			productName = PokeAPIKit;
			productReference = 57A859F2223ABACD00926BF7 /* libPokeAPIKit.a */;
			productType = "com.apple.product-type.library.static";
		};
/* End PBXNativeTarget section */

/* Begin PBXProject section */
		3D2BE72B220231F200E28519 /* Project object */ = {
			isa = PBXProject;
			attributes = {
				LastSwiftUpdateCheck = 1020;
				LastUpgradeCheck = 1010;
				ORGANIZATIONNAME = "Joss Manger";
				TargetAttributes = {
					3D2BE732220231F200E28519 = {
						CreatedOnToolsVersion = 10.1;
					};
					5710A599224BF92F004F196F = {
						CreatedOnToolsVersion = 10.2;
						TestTargetID = 3D2BE732220231F200E28519;
					};
					57A859F1223ABACD00926BF7 = {
						CreatedOnToolsVersion = 10.1;
					};
				};
			};
			buildConfigurationList = 3D2BE72E220231F200E28519 /* Build configuration list for PBXProject "CoreDexter" */;
			compatibilityVersion = "Xcode 9.3";
			developmentRegion = en;
			hasScannedForEncodings = 0;
			knownRegions = (
				en,
				Base,
			);
			mainGroup = 3D2BE72A220231F200E28519;
			productRefGroup = 3D2BE734220231F200E28519 /* Products */;
			projectDirPath = "";
			projectRoot = "";
			targets = (
				3D2BE732220231F200E28519 /* CoreDexter */,
				57A859F1223ABACD00926BF7 /* PokeAPIKit */,
				5710A599224BF92F004F196F /* CoreDexterTests */,
			);
		};
/* End PBXProject section */

/* Begin PBXResourcesBuildPhase section */
		3D2BE731220231F200E28519 /* Resources */ = {
			isa = PBXResourcesBuildPhase;
			buildActionMask = 2147483647;
			files = (
				3D2BE746220231F300E28519 /* LaunchScreen.storyboard in Resources */,
				573E8ED922564E940009808E /* CDIcon1024.jpeg in Resources */,
				573E8ED722564E4F0009808E /* Assets.xcassets in Resources */,
				3D2C3434220B6FF400282C38 /* Settings.bundle in Resources */,
				3D2BE741220231F200E28519 /* Main.storyboard in Resources */,
				572C6E67225E676E00BD4F1F /* Rubik-Light.ttf in Resources */,
				3D4060F92204E63100196626 /* MajorMonoDisplay-Regular.ttf in Resources */,
			);
			runOnlyForDeploymentPostprocessing = 0;
		};
		5710A598224BF92F004F196F /* Resources */ = {
			isa = PBXResourcesBuildPhase;
			buildActionMask = 2147483647;
			files = (
			);
			runOnlyForDeploymentPostprocessing = 0;
		};
/* End PBXResourcesBuildPhase section */

/* Begin PBXSourcesBuildPhase section */
		3D2BE72F220231F200E28519 /* Sources */ = {
			isa = PBXSourcesBuildPhase;
			buildActionMask = 2147483647;
			files = (
				3D2BE73A220231F200E28519 /* CoreDexter.xcdatamodeld in Sources */,
				57F4078B2266962E00F92289 /* Extensions.swift in Sources */,
				3D2BE737220231F200E28519 /* AppDelegate.swift in Sources */,
				3D381D172208BD88005503CF /* TableViewSubclasses.swift in Sources */,
				3D2BE73C220231F200E28519 /* MasterViewController.swift in Sources */,
				570876F1226CB1C900B64508 /* Messaging.swift in Sources */,
				3D2BE74E220238D400E28519 /* PokeDataLoader.swift in Sources */,
				3D2BE73E220231F200E28519 /* DetailViewController.swift in Sources */,
				57F19B60227B5C5B0051338B /* Content.swift in Sources */,
				57E46F68226E4005000E1BCE /* MasterViewSearching.swift in Sources */,
				570C50672268C6D100DC357A /* GeneralSubclasses.swift in Sources */,
				3D2C342F220B64CB00282C38 /* Settings.swift in Sources */,
				3D2C342C220B32E300282C38 /* PokeViewModel.swift in Sources */,
				57E46F65226E3366000E1BCE /* Predicates.swift in Sources */,
				57F19B62227B5C7D0051338B /* InfoViewController.swift in Sources */,
				5743B655226F5B5700113807 /* MasterViewControllerAnimating.swift in Sources */,
				57F19B64227B5DF60051338B /* MasterViewControllerInfoExtension.swift in Sources */,
			);
			runOnlyForDeploymentPostprocessing = 0;
		};
		5710A596224BF92F004F196F /* Sources */ = {
			isa = PBXSourcesBuildPhase;
			buildActionMask = 2147483647;
			files = (
				5773AF81224C15D700C90641 /* FilesystemOperationTests.swift in Sources */,
				5710A59D224BF92F004F196F /* CoreDataTests.swift in Sources */,
			);
			runOnlyForDeploymentPostprocessing = 0;
		};
		57A859EE223ABACD00926BF7 /* Sources */ = {
			isa = PBXSourcesBuildPhase;
			buildActionMask = 2147483647;
			files = (
				57A859F5223ABACD00926BF7 /* PokeAPIKit.swift in Sources */,
				57BBE9F1224F9B130062E6DA /* ExtensionsEtx.swift in Sources */,
			);
			runOnlyForDeploymentPostprocessing = 0;
		};
/* End PBXSourcesBuildPhase section */

/* Begin PBXTargetDependency section */
		5710A5A0224BF92F004F196F /* PBXTargetDependency */ = {
			isa = PBXTargetDependency;
			target = 3D2BE732220231F200E28519 /* CoreDexter */;
			targetProxy = 5710A59F224BF92F004F196F /* PBXContainerItemProxy */;
		};
/* End PBXTargetDependency section */

/* Begin PBXVariantGroup section */
		3D2BE73F220231F200E28519 /* Main.storyboard */ = {
			isa = PBXVariantGroup;
			children = (
				3D2BE740220231F200E28519 /* Base */,
			);
			name = Main.storyboard;
			sourceTree = "<group>";
		};
		3D2BE744220231F300E28519 /* LaunchScreen.storyboard */ = {
			isa = PBXVariantGroup;
			children = (
				3D2BE745220231F300E28519 /* Base */,
			);
			name = LaunchScreen.storyboard;
			sourceTree = "<group>";
		};
/* End PBXVariantGroup section */

/* Begin XCBuildConfiguration section */
		3D2BE748220231F300E28519 /* Debug */ = {
			isa = XCBuildConfiguration;
			buildSettings = {
				ALWAYS_SEARCH_USER_PATHS = NO;
				CLANG_ANALYZER_NONNULL = YES;
				CLANG_ANALYZER_NUMBER_OBJECT_CONVERSION = YES_AGGRESSIVE;
				CLANG_CXX_LANGUAGE_STANDARD = "gnu++14";
				CLANG_CXX_LIBRARY = "libc++";
				CLANG_ENABLE_MODULES = YES;
				CLANG_ENABLE_OBJC_ARC = YES;
				CLANG_ENABLE_OBJC_WEAK = YES;
				CLANG_WARN_BLOCK_CAPTURE_AUTORELEASING = YES;
				CLANG_WARN_BOOL_CONVERSION = YES;
				CLANG_WARN_COMMA = YES;
				CLANG_WARN_CONSTANT_CONVERSION = YES;
				CLANG_WARN_DEPRECATED_OBJC_IMPLEMENTATIONS = YES;
				CLANG_WARN_DIRECT_OBJC_ISA_USAGE = YES_ERROR;
				CLANG_WARN_DOCUMENTATION_COMMENTS = YES;
				CLANG_WARN_EMPTY_BODY = YES;
				CLANG_WARN_ENUM_CONVERSION = YES;
				CLANG_WARN_INFINITE_RECURSION = YES;
				CLANG_WARN_INT_CONVERSION = YES;
				CLANG_WARN_NON_LITERAL_NULL_CONVERSION = YES;
				CLANG_WARN_OBJC_IMPLICIT_RETAIN_SELF = YES;
				CLANG_WARN_OBJC_LITERAL_CONVERSION = YES;
				CLANG_WARN_OBJC_ROOT_CLASS = YES_ERROR;
				CLANG_WARN_RANGE_LOOP_ANALYSIS = YES;
				CLANG_WARN_STRICT_PROTOTYPES = YES;
				CLANG_WARN_SUSPICIOUS_MOVE = YES;
				CLANG_WARN_UNGUARDED_AVAILABILITY = YES_AGGRESSIVE;
				CLANG_WARN_UNREACHABLE_CODE = YES;
				CLANG_WARN__DUPLICATE_METHOD_MATCH = YES;
				CODE_SIGN_IDENTITY = "iPhone Developer";
				COPY_PHASE_STRIP = NO;
				DEBUG_INFORMATION_FORMAT = dwarf;
				ENABLE_STRICT_OBJC_MSGSEND = YES;
				ENABLE_TESTABILITY = YES;
				GCC_C_LANGUAGE_STANDARD = gnu11;
				GCC_DYNAMIC_NO_PIC = NO;
				GCC_NO_COMMON_BLOCKS = YES;
				GCC_OPTIMIZATION_LEVEL = 0;
				GCC_PREPROCESSOR_DEFINITIONS = (
					"DEBUG=1",
					"$(inherited)",
				);
				GCC_WARN_64_TO_32_BIT_CONVERSION = YES;
				GCC_WARN_ABOUT_RETURN_TYPE = YES_ERROR;
				GCC_WARN_UNDECLARED_SELECTOR = YES;
				GCC_WARN_UNINITIALIZED_AUTOS = YES_AGGRESSIVE;
				GCC_WARN_UNUSED_FUNCTION = YES;
				GCC_WARN_UNUSED_VARIABLE = YES;
				IPHONEOS_DEPLOYMENT_TARGET = 12.1;
				MTL_ENABLE_DEBUG_INFO = INCLUDE_SOURCE;
				MTL_FAST_MATH = YES;
				ONLY_ACTIVE_ARCH = YES;
				SDKROOT = iphoneos;
				SWIFT_ACTIVE_COMPILATION_CONDITIONS = DEBUG;
				SWIFT_OPTIMIZATION_LEVEL = "-Onone";
			};
			name = Debug;
		};
		3D2BE749220231F300E28519 /* Release */ = {
			isa = XCBuildConfiguration;
			buildSettings = {
				ALWAYS_SEARCH_USER_PATHS = NO;
				CLANG_ANALYZER_NONNULL = YES;
				CLANG_ANALYZER_NUMBER_OBJECT_CONVERSION = YES_AGGRESSIVE;
				CLANG_CXX_LANGUAGE_STANDARD = "gnu++14";
				CLANG_CXX_LIBRARY = "libc++";
				CLANG_ENABLE_MODULES = YES;
				CLANG_ENABLE_OBJC_ARC = YES;
				CLANG_ENABLE_OBJC_WEAK = YES;
				CLANG_WARN_BLOCK_CAPTURE_AUTORELEASING = YES;
				CLANG_WARN_BOOL_CONVERSION = YES;
				CLANG_WARN_COMMA = YES;
				CLANG_WARN_CONSTANT_CONVERSION = YES;
				CLANG_WARN_DEPRECATED_OBJC_IMPLEMENTATIONS = YES;
				CLANG_WARN_DIRECT_OBJC_ISA_USAGE = YES_ERROR;
				CLANG_WARN_DOCUMENTATION_COMMENTS = YES;
				CLANG_WARN_EMPTY_BODY = YES;
				CLANG_WARN_ENUM_CONVERSION = YES;
				CLANG_WARN_INFINITE_RECURSION = YES;
				CLANG_WARN_INT_CONVERSION = YES;
				CLANG_WARN_NON_LITERAL_NULL_CONVERSION = YES;
				CLANG_WARN_OBJC_IMPLICIT_RETAIN_SELF = YES;
				CLANG_WARN_OBJC_LITERAL_CONVERSION = YES;
				CLANG_WARN_OBJC_ROOT_CLASS = YES_ERROR;
				CLANG_WARN_RANGE_LOOP_ANALYSIS = YES;
				CLANG_WARN_STRICT_PROTOTYPES = YES;
				CLANG_WARN_SUSPICIOUS_MOVE = YES;
				CLANG_WARN_UNGUARDED_AVAILABILITY = YES_AGGRESSIVE;
				CLANG_WARN_UNREACHABLE_CODE = YES;
				CLANG_WARN__DUPLICATE_METHOD_MATCH = YES;
				CODE_SIGN_IDENTITY = "iPhone Developer";
				COPY_PHASE_STRIP = NO;
				DEBUG_INFORMATION_FORMAT = "dwarf-with-dsym";
				ENABLE_NS_ASSERTIONS = NO;
				ENABLE_STRICT_OBJC_MSGSEND = YES;
				GCC_C_LANGUAGE_STANDARD = gnu11;
				GCC_NO_COMMON_BLOCKS = YES;
				GCC_WARN_64_TO_32_BIT_CONVERSION = YES;
				GCC_WARN_ABOUT_RETURN_TYPE = YES_ERROR;
				GCC_WARN_UNDECLARED_SELECTOR = YES;
				GCC_WARN_UNINITIALIZED_AUTOS = YES_AGGRESSIVE;
				GCC_WARN_UNUSED_FUNCTION = YES;
				GCC_WARN_UNUSED_VARIABLE = YES;
				IPHONEOS_DEPLOYMENT_TARGET = 12.1;
				MTL_ENABLE_DEBUG_INFO = NO;
				MTL_FAST_MATH = YES;
				SDKROOT = iphoneos;
				SWIFT_COMPILATION_MODE = wholemodule;
				SWIFT_OPTIMIZATION_LEVEL = "-O";
				VALIDATE_PRODUCT = YES;
			};
			name = Release;
		};
		3D2BE74B220231F300E28519 /* Debug */ = {
			isa = XCBuildConfiguration;
			buildSettings = {
				ASSETCATALOG_COMPILER_APPICON_NAME = AppIcon;
				CODE_SIGN_IDENTITY = "iPhone Developer";
				CODE_SIGN_STYLE = Automatic;
				DEVELOPMENT_TEAM = 3C42F7N9CQ;
				INFOPLIST_FILE = CoreDexter/Info.plist;
				IPHONEOS_DEPLOYMENT_TARGET = 12.2;
				LD_RUNPATH_SEARCH_PATHS = (
					"$(inherited)",
					"@executable_path/Frameworks",
				);
				OTHER_SWIFT_FLAGS = "";
				PRODUCT_BUNDLE_IDENTIFIER = com.jossy.CoreDexter;
				PRODUCT_NAME = "$(TARGET_NAME)";
				PROVISIONING_PROFILE_SPECIFIER = "";
				SWIFT_VERSION = 4.2;
				TARGETED_DEVICE_FAMILY = "1,2";
			};
			name = Debug;
		};
		3D2BE74C220231F300E28519 /* Release */ = {
			isa = XCBuildConfiguration;
			buildSettings = {
				ASSETCATALOG_COMPILER_APPICON_NAME = AppIcon;
				CODE_SIGN_IDENTITY = "iPhone Developer";
				CODE_SIGN_STYLE = Automatic;
				DEVELOPMENT_TEAM = 3C42F7N9CQ;
				INFOPLIST_FILE = CoreDexter/Info.plist;
				IPHONEOS_DEPLOYMENT_TARGET = 12.2;
				LD_RUNPATH_SEARCH_PATHS = (
					"$(inherited)",
					"@executable_path/Frameworks",
				);
				OTHER_SWIFT_FLAGS = "";
				PRODUCT_BUNDLE_IDENTIFIER = com.jossy.CoreDexter;
				PRODUCT_NAME = "$(TARGET_NAME)";
				PROVISIONING_PROFILE_SPECIFIER = "";
				SWIFT_VERSION = 4.2;
				TARGETED_DEVICE_FAMILY = "1,2";
			};
			name = Release;
		};
		5710A5A1224BF92F004F196F /* Debug */ = {
			isa = XCBuildConfiguration;
			buildSettings = {
				BUNDLE_LOADER = "$(TEST_HOST)";
				CODE_SIGN_STYLE = Automatic;
				DEVELOPMENT_TEAM = 3C42F7N9CQ;
				INFOPLIST_FILE = CoreDexterTests/Info.plist;
				IPHONEOS_DEPLOYMENT_TARGET = 12.2;
				LD_RUNPATH_SEARCH_PATHS = (
					"$(inherited)",
					"@executable_path/Frameworks",
					"@loader_path/Frameworks",
				);
				PRODUCT_BUNDLE_IDENTIFIER = co.jossy.CoreDexterTests;
				PRODUCT_NAME = "$(TARGET_NAME)";
				SWIFT_VERSION = 5.0;
				TARGETED_DEVICE_FAMILY = "1,2";
				TEST_HOST = "$(BUILT_PRODUCTS_DIR)/CoreDexter.app/CoreDexter";
			};
			name = Debug;
		};
		5710A5A2224BF92F004F196F /* Release */ = {
			isa = XCBuildConfiguration;
			buildSettings = {
				BUNDLE_LOADER = "$(TEST_HOST)";
				CODE_SIGN_STYLE = Automatic;
				DEVELOPMENT_TEAM = 3C42F7N9CQ;
				INFOPLIST_FILE = CoreDexterTests/Info.plist;
				IPHONEOS_DEPLOYMENT_TARGET = 12.2;
				LD_RUNPATH_SEARCH_PATHS = (
					"$(inherited)",
					"@executable_path/Frameworks",
					"@loader_path/Frameworks",
				);
				PRODUCT_BUNDLE_IDENTIFIER = co.jossy.CoreDexterTests;
				PRODUCT_NAME = "$(TARGET_NAME)";
				SWIFT_VERSION = 5.0;
				TARGETED_DEVICE_FAMILY = "1,2";
				TEST_HOST = "$(BUILT_PRODUCTS_DIR)/CoreDexter.app/CoreDexter";
			};
			name = Release;
		};
		57A859F6223ABACD00926BF7 /* Debug */ = {
			isa = XCBuildConfiguration;
			buildSettings = {
				CODE_SIGN_STYLE = Automatic;
				DEVELOPMENT_TEAM = 3C42F7N9CQ;
				OTHER_LDFLAGS = "-ObjC";
				PRODUCT_NAME = "$(TARGET_NAME)";
				SKIP_INSTALL = YES;
				SWIFT_VERSION = 4.2;
				TARGETED_DEVICE_FAMILY = "1,2";
			};
			name = Debug;
		};
		57A859F7223ABACD00926BF7 /* Release */ = {
			isa = XCBuildConfiguration;
			buildSettings = {
				CODE_SIGN_STYLE = Automatic;
				DEVELOPMENT_TEAM = 3C42F7N9CQ;
				OTHER_LDFLAGS = "-ObjC";
				PRODUCT_NAME = "$(TARGET_NAME)";
				SKIP_INSTALL = YES;
				SWIFT_VERSION = 4.2;
				TARGETED_DEVICE_FAMILY = "1,2";
			};
			name = Release;
		};
/* End XCBuildConfiguration section */

/* Begin XCConfigurationList section */
		3D2BE72E220231F200E28519 /* Build configuration list for PBXProject "CoreDexter" */ = {
			isa = XCConfigurationList;
			buildConfigurations = (
				3D2BE748220231F300E28519 /* Debug */,
				3D2BE749220231F300E28519 /* Release */,
			);
			defaultConfigurationIsVisible = 0;
			defaultConfigurationName = Release;
		};
		3D2BE74A220231F300E28519 /* Build configuration list for PBXNativeTarget "CoreDexter" */ = {
			isa = XCConfigurationList;
			buildConfigurations = (
				3D2BE74B220231F300E28519 /* Debug */,
				3D2BE74C220231F300E28519 /* Release */,
			);
			defaultConfigurationIsVisible = 0;
			defaultConfigurationName = Release;
		};
		5710A5A3224BF92F004F196F /* Build configuration list for PBXNativeTarget "CoreDexterTests" */ = {
			isa = XCConfigurationList;
			buildConfigurations = (
				5710A5A1224BF92F004F196F /* Debug */,
				5710A5A2224BF92F004F196F /* Release */,
			);
			defaultConfigurationIsVisible = 0;
			defaultConfigurationName = Release;
		};
		57A859F8223ABACD00926BF7 /* Build configuration list for PBXNativeTarget "PokeAPIKit" */ = {
			isa = XCConfigurationList;
			buildConfigurations = (
				57A859F6223ABACD00926BF7 /* Debug */,
				57A859F7223ABACD00926BF7 /* Release */,
			);
			defaultConfigurationIsVisible = 0;
			defaultConfigurationName = Release;
		};
/* End XCConfigurationList section */

/* Begin XCVersionGroup section */
		3D2BE738220231F200E28519 /* CoreDexter.xcdatamodeld */ = {
			isa = XCVersionGroup;
			children = (
				3D2BE739220231F200E28519 /* CoreDexter.xcdatamodel */,
			);
			currentVersion = 3D2BE739220231F200E28519 /* CoreDexter.xcdatamodel */;
			path = CoreDexter.xcdatamodeld;
			sourceTree = "<group>";
			versionGroupType = wrapper.xcdatamodel;
		};
/* End XCVersionGroup section */
	};
	rootObject = 3D2BE72B220231F200E28519 /* Project object */;
}
