// !$*UTF8*$!
{
	archiveVersion = 1;
	classes = {
	};
	objectVersion = 50;
	objects = {

/* Begin PBXBuildFile section */
		3D2BE737220231F200E28519 /* AppDelegate.swift in Sources */ = {isa = PBXBuildFile; fileRef = 3D2BE736220231F200E28519 /* AppDelegate.swift */; };
		3D2BE73A220231F200E28519 /* CoreDexter.xcdatamodeld in Sources */ = {isa = PBXBuildFile; fileRef = 3D2BE738220231F200E28519 /* CoreDexter.xcdatamodeld */; };
		3D2BE73C220231F200E28519 /* MasterViewController.swift in Sources */ = {isa = PBXBuildFile; fileRef = 3D2BE73B220231F200E28519 /* MasterViewController.swift */; };
		3D2BE73E220231F200E28519 /* DetailViewController.swift in Sources */ = {isa = PBXBuildFile; fileRef = 3D2BE73D220231F200E28519 /* DetailViewController.swift */; };
		3D2BE741220231F200E28519 /* Main.storyboard in Resources */ = {isa = PBXBuildFile; fileRef = 3D2BE73F220231F200E28519 /* Main.storyboard */; };
		3D2BE743220231F300E28519 /* Assets.xcassets in Resources */ = {isa = PBXBuildFile; fileRef = 3D2BE742220231F300E28519 /* Assets.xcassets */; };
		3D2BE746220231F300E28519 /* LaunchScreen.storyboard in Resources */ = {isa = PBXBuildFile; fileRef = 3D2BE744220231F300E28519 /* LaunchScreen.storyboard */; };
		3D2BE74E220238D400E28519 /* PokeModel.swift in Sources */ = {isa = PBXBuildFile; fileRef = 3D2BE74D220238D400E28519 /* PokeModel.swift */; };
		3D2C342C220B32E300282C38 /* PokeViewModel.swift in Sources */ = {isa = PBXBuildFile; fileRef = 3D2C342B220B32E300282C38 /* PokeViewModel.swift */; };
		3D2C342F220B64CB00282C38 /* Settings.swift in Sources */ = {isa = PBXBuildFile; fileRef = 3D2C342E220B64CB00282C38 /* Settings.swift */; };
		3D2C3434220B6FF400282C38 /* Settings.bundle in Resources */ = {isa = PBXBuildFile; fileRef = 3D2C3433220B6FF300282C38 /* Settings.bundle */; };
		3D381D172208BD88005503CF /* PokeCellTableViewCell.swift in Sources */ = {isa = PBXBuildFile; fileRef = 3D381D162208BD88005503CF /* PokeCellTableViewCell.swift */; };
		3D4060F92204E63100196626 /* MajorMonoDisplay-Regular.ttf in Resources */ = {isa = PBXBuildFile; fileRef = 3D4060F82204E63100196626 /* MajorMonoDisplay-Regular.ttf */; };
		3D4060FB2204E93300196626 /* ExtensionsEtx.swift in Sources */ = {isa = PBXBuildFile; fileRef = 3D4060FA2204E93300196626 /* ExtensionsEtx.swift */; };
		5751DC6B221A253400BC804B /* PokemonVisualiser_tvos.h in Headers */ = {isa = PBXBuildFile; fileRef = 5751DC69221A253400BC804B /* PokemonVisualiser_tvos.h */; settings = {ATTRIBUTES = (Public, ); }; };
		5751DC74221A253C00BC804B /* VisualiserScene.swift in Sources */ = {isa = PBXBuildFile; fileRef = 578F89912219AA0C001B1B97 /* VisualiserScene.swift */; };
		5751DC75221A259C00BC804B /* PokemonVisualiser_tvos.framework in Frameworks */ = {isa = PBXBuildFile; fileRef = 5751DC67221A253400BC804B /* PokemonVisualiser_tvos.framework */; };
		5751DC76221A259C00BC804B /* PokemonVisualiser_tvos.framework in Embed Frameworks */ = {isa = PBXBuildFile; fileRef = 5751DC67221A253400BC804B /* PokemonVisualiser_tvos.framework */; settings = {ATTRIBUTES = (CodeSignOnCopy, RemoveHeadersOnCopy, ); }; };
		578F89922219AA0C001B1B97 /* VisualiserScene.swift in Sources */ = {isa = PBXBuildFile; fileRef = 578F89912219AA0C001B1B97 /* VisualiserScene.swift */; };
		578F899A2219AA7E001B1B97 /* AppDelegate.swift in Sources */ = {isa = PBXBuildFile; fileRef = 578F89992219AA7E001B1B97 /* AppDelegate.swift */; };
		578F899F2219AA7E001B1B97 /* Main.storyboard in Resources */ = {isa = PBXBuildFile; fileRef = 578F899D2219AA7E001B1B97 /* Main.storyboard */; };
		578F89A12219AA80001B1B97 /* Assets.xcassets in Resources */ = {isa = PBXBuildFile; fileRef = 578F89A02219AA80001B1B97 /* Assets.xcassets */; };
/* End PBXBuildFile section */

/* Begin PBXContainerItemProxy section */
		5751DC77221A259C00BC804B /* PBXContainerItemProxy */ = {
			isa = PBXContainerItemProxy;
			containerPortal = 3D2BE72B220231F200E28519 /* Project object */;
			proxyType = 1;
			remoteGlobalIDString = 5751DC66221A253400BC804B;
			remoteInfo = "PokemonVisualiser-tvos";
		};
/* End PBXContainerItemProxy section */

/* Begin PBXCopyFilesBuildPhase section */
		5751DC79221A259C00BC804B /* Embed Frameworks */ = {
			isa = PBXCopyFilesBuildPhase;
			buildActionMask = 2147483647;
			dstPath = "";
			dstSubfolderSpec = 10;
			files = (
				5751DC76221A259C00BC804B /* PokemonVisualiser_tvos.framework in Embed Frameworks */,
			);
			name = "Embed Frameworks";
			runOnlyForDeploymentPostprocessing = 0;
		};
/* End PBXCopyFilesBuildPhase section */

/* Begin PBXFileReference section */
		3D2BE733220231F200E28519 /* CoreDexter.app */ = {isa = PBXFileReference; explicitFileType = wrapper.application; includeInIndex = 0; path = CoreDexter.app; sourceTree = BUILT_PRODUCTS_DIR; };
		3D2BE736220231F200E28519 /* AppDelegate.swift */ = {isa = PBXFileReference; lastKnownFileType = sourcecode.swift; path = AppDelegate.swift; sourceTree = "<group>"; };
		3D2BE739220231F200E28519 /* CoreDexter.xcdatamodel */ = {isa = PBXFileReference; lastKnownFileType = wrapper.xcdatamodel; path = CoreDexter.xcdatamodel; sourceTree = "<group>"; };
		3D2BE73B220231F200E28519 /* MasterViewController.swift */ = {isa = PBXFileReference; lastKnownFileType = sourcecode.swift; path = MasterViewController.swift; sourceTree = "<group>"; };
		3D2BE73D220231F200E28519 /* DetailViewController.swift */ = {isa = PBXFileReference; lastKnownFileType = sourcecode.swift; path = DetailViewController.swift; sourceTree = "<group>"; };
		3D2BE740220231F200E28519 /* Base */ = {isa = PBXFileReference; lastKnownFileType = file.storyboard; name = Base; path = Base.lproj/Main.storyboard; sourceTree = "<group>"; };
		3D2BE742220231F300E28519 /* Assets.xcassets */ = {isa = PBXFileReference; lastKnownFileType = folder.assetcatalog; path = Assets.xcassets; sourceTree = "<group>"; };
		3D2BE745220231F300E28519 /* Base */ = {isa = PBXFileReference; lastKnownFileType = file.storyboard; name = Base; path = Base.lproj/LaunchScreen.storyboard; sourceTree = "<group>"; };
		3D2BE747220231F300E28519 /* Info.plist */ = {isa = PBXFileReference; lastKnownFileType = text.plist.xml; path = Info.plist; sourceTree = "<group>"; };
		3D2BE74D220238D400E28519 /* PokeModel.swift */ = {isa = PBXFileReference; lastKnownFileType = sourcecode.swift; path = PokeModel.swift; sourceTree = "<group>"; };
		3D2BE74F2202487600E28519 /* README.md */ = {isa = PBXFileReference; lastKnownFileType = net.daringfireball.markdown; path = README.md; sourceTree = SOURCE_ROOT; };
		3D2BE750220248E400E28519 /* .gitignore */ = {isa = PBXFileReference; lastKnownFileType = text; path = .gitignore; sourceTree = SOURCE_ROOT; };
		3D2C342B220B32E300282C38 /* PokeViewModel.swift */ = {isa = PBXFileReference; lastKnownFileType = sourcecode.swift; path = PokeViewModel.swift; sourceTree = "<group>"; };
		3D2C342E220B64CB00282C38 /* Settings.swift */ = {isa = PBXFileReference; lastKnownFileType = sourcecode.swift; path = Settings.swift; sourceTree = "<group>"; };
		3D2C3433220B6FF300282C38 /* Settings.bundle */ = {isa = PBXFileReference; lastKnownFileType = "wrapper.plug-in"; path = Settings.bundle; sourceTree = "<group>"; };
		3D381D162208BD88005503CF /* PokeCellTableViewCell.swift */ = {isa = PBXFileReference; lastKnownFileType = sourcecode.swift; path = PokeCellTableViewCell.swift; sourceTree = "<group>"; };
		3D4060F82204E63100196626 /* MajorMonoDisplay-Regular.ttf */ = {isa = PBXFileReference; lastKnownFileType = file; path = "MajorMonoDisplay-Regular.ttf"; sourceTree = "<group>"; };
		3D4060FA2204E93300196626 /* ExtensionsEtx.swift */ = {isa = PBXFileReference; lastKnownFileType = sourcecode.swift; path = ExtensionsEtx.swift; sourceTree = "<group>"; };
		5751DC67221A253400BC804B /* PokemonVisualiser_tvos.framework */ = {isa = PBXFileReference; explicitFileType = wrapper.framework; includeInIndex = 0; path = PokemonVisualiser_tvos.framework; sourceTree = BUILT_PRODUCTS_DIR; };
		5751DC69221A253400BC804B /* PokemonVisualiser_tvos.h */ = {isa = PBXFileReference; lastKnownFileType = sourcecode.c.h; path = PokemonVisualiser_tvos.h; sourceTree = "<group>"; };
		5751DC6A221A253400BC804B /* Info.plist */ = {isa = PBXFileReference; lastKnownFileType = text.plist.xml; path = Info.plist; sourceTree = "<group>"; };
		578F89912219AA0C001B1B97 /* VisualiserScene.swift */ = {isa = PBXFileReference; lastKnownFileType = sourcecode.swift; path = VisualiserScene.swift; sourceTree = "<group>"; };
		578F89972219AA7E001B1B97 /* PokeScene.app */ = {isa = PBXFileReference; explicitFileType = wrapper.application; includeInIndex = 0; path = PokeScene.app; sourceTree = BUILT_PRODUCTS_DIR; };
		578F89992219AA7E001B1B97 /* AppDelegate.swift */ = {isa = PBXFileReference; lastKnownFileType = sourcecode.swift; path = AppDelegate.swift; sourceTree = "<group>"; };
		578F899E2219AA7E001B1B97 /* Base */ = {isa = PBXFileReference; lastKnownFileType = file.storyboard; name = Base; path = Base.lproj/Main.storyboard; sourceTree = "<group>"; };
		578F89A02219AA80001B1B97 /* Assets.xcassets */ = {isa = PBXFileReference; lastKnownFileType = folder.assetcatalog; path = Assets.xcassets; sourceTree = "<group>"; };
		578F89A22219AA80001B1B97 /* Info.plist */ = {isa = PBXFileReference; lastKnownFileType = text.plist.xml; path = Info.plist; sourceTree = "<group>"; };
/* End PBXFileReference section */

/* Begin PBXFrameworksBuildPhase section */
		3D2BE730220231F200E28519 /* Frameworks */ = {
			isa = PBXFrameworksBuildPhase;
			buildActionMask = 2147483647;
			files = (
			);
			runOnlyForDeploymentPostprocessing = 0;
		};
		5751DC64221A253400BC804B /* Frameworks */ = {
			isa = PBXFrameworksBuildPhase;
			buildActionMask = 2147483647;
			files = (
			);
			runOnlyForDeploymentPostprocessing = 0;
		};
		578F89942219AA7E001B1B97 /* Frameworks */ = {
			isa = PBXFrameworksBuildPhase;
			buildActionMask = 2147483647;
			files = (
				5751DC75221A259C00BC804B /* PokemonVisualiser_tvos.framework in Frameworks */,
			);
			runOnlyForDeploymentPostprocessing = 0;
		};
/* End PBXFrameworksBuildPhase section */

/* Begin PBXGroup section */
		3D2BE72A220231F200E28519 = {
			isa = PBXGroup;
			children = (
				578F89902219A9EC001B1B97 /* VisualizerScene */,
				3D2BE74F2202487600E28519 /* README.md */,
				3D2C342E220B64CB00282C38 /* Settings.swift */,
				3D2BE736220231F200E28519 /* AppDelegate.swift */,
				3D2C3433220B6FF300282C38 /* Settings.bundle */,
				3D2BE735220231F200E28519 /* CoreDexter */,
				578F89982219AA7E001B1B97 /* PokeScene */,
				5751DC68221A253400BC804B /* PokemonVisualiser-tvos */,
				3D2BE734220231F200E28519 /* Products */,
			);
			sourceTree = "<group>";
		};
		3D2BE734220231F200E28519 /* Products */ = {
			isa = PBXGroup;
			children = (
				3D2BE733220231F200E28519 /* CoreDexter.app */,
				578F89972219AA7E001B1B97 /* PokeScene.app */,
				5751DC67221A253400BC804B /* PokemonVisualiser_tvos.framework */,
			);
			name = Products;
			sourceTree = "<group>";
		};
		3D2BE735220231F200E28519 /* CoreDexter */ = {
			isa = PBXGroup;
			children = (
				3D2C3431220B6C9100282C38 /* Models */,
				3D2C3430220B6C8200282C38 /* ViewModels */,
				3D2C342D220B4A4500282C38 /* Views */,
				3D2C3432220B6CB200282C38 /* Extensions */,
				3D4060F82204E63100196626 /* MajorMonoDisplay-Regular.ttf */,
				3D2BE750220248E400E28519 /* .gitignore */,
				3D2BE73F220231F200E28519 /* Main.storyboard */,
				3D2BE742220231F300E28519 /* Assets.xcassets */,
				3D2BE744220231F300E28519 /* LaunchScreen.storyboard */,
				3D2BE747220231F300E28519 /* Info.plist */,
				3D2BE738220231F200E28519 /* CoreDexter.xcdatamodeld */,
			);
			path = CoreDexter;
			sourceTree = "<group>";
		};
		3D2C342D220B4A4500282C38 /* Views */ = {
			isa = PBXGroup;
			children = (
				3D2BE73B220231F200E28519 /* MasterViewController.swift */,
				3D2BE73D220231F200E28519 /* DetailViewController.swift */,
				3D381D162208BD88005503CF /* PokeCellTableViewCell.swift */,
			);
			path = Views;
			sourceTree = "<group>";
		};
		3D2C3430220B6C8200282C38 /* ViewModels */ = {
			isa = PBXGroup;
			children = (
				3D2C342B220B32E300282C38 /* PokeViewModel.swift */,
			);
			path = ViewModels;
			sourceTree = "<group>";
		};
		3D2C3431220B6C9100282C38 /* Models */ = {
			isa = PBXGroup;
			children = (
				3D2BE74D220238D400E28519 /* PokeModel.swift */,
			);
			path = Models;
			sourceTree = "<group>";
		};
		3D2C3432220B6CB200282C38 /* Extensions */ = {
			isa = PBXGroup;
			children = (
				3D4060FA2204E93300196626 /* ExtensionsEtx.swift */,
			);
			path = Extensions;
			sourceTree = "<group>";
		};
		5751DC68221A253400BC804B /* PokemonVisualiser-tvos */ = {
			isa = PBXGroup;
			children = (
				5751DC69221A253400BC804B /* PokemonVisualiser_tvos.h */,
				5751DC6A221A253400BC804B /* Info.plist */,
			);
			path = "PokemonVisualiser-tvos";
			sourceTree = "<group>";
		};
		578F89902219A9EC001B1B97 /* VisualizerScene */ = {
			isa = PBXGroup;
			children = (
				578F89912219AA0C001B1B97 /* VisualiserScene.swift */,
			);
			path = VisualizerScene;
			sourceTree = "<group>";
		};
		578F89982219AA7E001B1B97 /* PokeScene */ = {
			isa = PBXGroup;
			children = (
				578F89992219AA7E001B1B97 /* AppDelegate.swift */,
				578F899D2219AA7E001B1B97 /* Main.storyboard */,
				578F89A02219AA80001B1B97 /* Assets.xcassets */,
				578F89A22219AA80001B1B97 /* Info.plist */,
			);
			path = PokeScene;
			sourceTree = "<group>";
		};
/* End PBXGroup section */

/* Begin PBXHeadersBuildPhase section */
		5751DC62221A253400BC804B /* Headers */ = {
			isa = PBXHeadersBuildPhase;
			buildActionMask = 2147483647;
			files = (
				5751DC6B221A253400BC804B /* PokemonVisualiser_tvos.h in Headers */,
			);
			runOnlyForDeploymentPostprocessing = 0;
		};
/* End PBXHeadersBuildPhase section */

/* Begin PBXNativeTarget section */
		3D2BE732220231F200E28519 /* CoreDexter */ = {
			isa = PBXNativeTarget;
			buildConfigurationList = 3D2BE74A220231F300E28519 /* Build configuration list for PBXNativeTarget "CoreDexter" */;
			buildPhases = (
				3D2BE72F220231F200E28519 /* Sources */,
				3D2BE730220231F200E28519 /* Frameworks */,
				3D2BE731220231F200E28519 /* Resources */,
			);
			buildRules = (
			);
			dependencies = (
			);
			name = CoreDexter;
			productName = CoreDexter;
			productReference = 3D2BE733220231F200E28519 /* CoreDexter.app */;
			productType = "com.apple.product-type.application";
		};
		5751DC66221A253400BC804B /* PokemonVisualiser-tvos */ = {
			isa = PBXNativeTarget;
			buildConfigurationList = 5751DC72221A253400BC804B /* Build configuration list for PBXNativeTarget "PokemonVisualiser-tvos" */;
			buildPhases = (
				5751DC62221A253400BC804B /* Headers */,
				5751DC63221A253400BC804B /* Sources */,
				5751DC64221A253400BC804B /* Frameworks */,
				5751DC65221A253400BC804B /* Resources */,
			);
			buildRules = (
			);
			dependencies = (
			);
			name = "PokemonVisualiser-tvos";
			productName = "PokemonVisualiser-tvos";
			productReference = 5751DC67221A253400BC804B /* PokemonVisualiser_tvos.framework */;
			productType = "com.apple.product-type.framework";
		};
		578F89962219AA7E001B1B97 /* PokeScene */ = {
			isa = PBXNativeTarget;
			buildConfigurationList = 578F89A32219AA80001B1B97 /* Build configuration list for PBXNativeTarget "PokeScene" */;
			buildPhases = (
				578F89932219AA7E001B1B97 /* Sources */,
				578F89942219AA7E001B1B97 /* Frameworks */,
				578F89952219AA7E001B1B97 /* Resources */,
				5751DC79221A259C00BC804B /* Embed Frameworks */,
			);
			buildRules = (
			);
			dependencies = (
				5751DC78221A259C00BC804B /* PBXTargetDependency */,
			);
			name = PokeScene;
			productName = PokeScene;
			productReference = 578F89972219AA7E001B1B97 /* PokeScene.app */;
			productType = "com.apple.product-type.application";
		};
/* End PBXNativeTarget section */

/* Begin PBXProject section */
		3D2BE72B220231F200E28519 /* Project object */ = {
			isa = PBXProject;
			attributes = {
				LastSwiftUpdateCheck = 1010;
				LastUpgradeCheck = 1010;
				ORGANIZATIONNAME = "Joss Manger";
				TargetAttributes = {
					3D2BE732220231F200E28519 = {
						CreatedOnToolsVersion = 10.1;
					};
					5751DC66221A253400BC804B = {
						CreatedOnToolsVersion = 10.1;
					};
					578F89962219AA7E001B1B97 = {
						CreatedOnToolsVersion = 10.1;
					};
				};
			};
			buildConfigurationList = 3D2BE72E220231F200E28519 /* Build configuration list for PBXProject "CoreDexter" */;
			compatibilityVersion = "Xcode 9.3";
			developmentRegion = en;
			hasScannedForEncodings = 0;
			knownRegions = (
				en,
				Base,
			);
			mainGroup = 3D2BE72A220231F200E28519;
			productRefGroup = 3D2BE734220231F200E28519 /* Products */;
			projectDirPath = "";
			projectRoot = "";
			targets = (
				3D2BE732220231F200E28519 /* CoreDexter */,
				578F89962219AA7E001B1B97 /* PokeScene */,
				5751DC66221A253400BC804B /* PokemonVisualiser-tvos */,
			);
		};
/* End PBXProject section */

/* Begin PBXResourcesBuildPhase section */
		3D2BE731220231F200E28519 /* Resources */ = {
			isa = PBXResourcesBuildPhase;
			buildActionMask = 2147483647;
			files = (
				3D2BE746220231F300E28519 /* LaunchScreen.storyboard in Resources */,
				3D2BE743220231F300E28519 /* Assets.xcassets in Resources */,
				3D2C3434220B6FF400282C38 /* Settings.bundle in Resources */,
				3D2BE741220231F200E28519 /* Main.storyboard in Resources */,
				3D4060F92204E63100196626 /* MajorMonoDisplay-Regular.ttf in Resources */,
			);
			runOnlyForDeploymentPostprocessing = 0;
		};
		5751DC65221A253400BC804B /* Resources */ = {
			isa = PBXResourcesBuildPhase;
			buildActionMask = 2147483647;
			files = (
			);
			runOnlyForDeploymentPostprocessing = 0;
		};
		578F89952219AA7E001B1B97 /* Resources */ = {
			isa = PBXResourcesBuildPhase;
			buildActionMask = 2147483647;
			files = (
				578F89A12219AA80001B1B97 /* Assets.xcassets in Resources */,
				578F899F2219AA7E001B1B97 /* Main.storyboard in Resources */,
			);
			runOnlyForDeploymentPostprocessing = 0;
		};
/* End PBXResourcesBuildPhase section */

/* Begin PBXSourcesBuildPhase section */
		3D2BE72F220231F200E28519 /* Sources */ = {
			isa = PBXSourcesBuildPhase;
			buildActionMask = 2147483647;
			files = (
				3D2BE73A220231F200E28519 /* CoreDexter.xcdatamodeld in Sources */,
				3D2BE737220231F200E28519 /* AppDelegate.swift in Sources */,
				3D381D172208BD88005503CF /* PokeCellTableViewCell.swift in Sources */,
				578F89922219AA0C001B1B97 /* VisualiserScene.swift in Sources */,
				3D2BE73C220231F200E28519 /* MasterViewController.swift in Sources */,
				3D2BE74E220238D400E28519 /* PokeModel.swift in Sources */,
				3D2BE73E220231F200E28519 /* DetailViewController.swift in Sources */,
				3D2C342F220B64CB00282C38 /* Settings.swift in Sources */,
				3D2C342C220B32E300282C38 /* PokeViewModel.swift in Sources */,
				3D4060FB2204E93300196626 /* ExtensionsEtx.swift in Sources */,
			);
			runOnlyForDeploymentPostprocessing = 0;
		};
		5751DC63221A253400BC804B /* Sources */ = {
			isa = PBXSourcesBuildPhase;
			buildActionMask = 2147483647;
			files = (
				5751DC74221A253C00BC804B /* VisualiserScene.swift in Sources */,
			);
			runOnlyForDeploymentPostprocessing = 0;
		};
		578F89932219AA7E001B1B97 /* Sources */ = {
			isa = PBXSourcesBuildPhase;
			buildActionMask = 2147483647;
			files = (
				578F899A2219AA7E001B1B97 /* AppDelegate.swift in Sources */,
			);
			runOnlyForDeploymentPostprocessing = 0;
		};
/* End PBXSourcesBuildPhase section */

/* Begin PBXTargetDependency section */
		5751DC78221A259C00BC804B /* PBXTargetDependency */ = {
			isa = PBXTargetDependency;
			target = 5751DC66221A253400BC804B /* PokemonVisualiser-tvos */;
			targetProxy = 5751DC77221A259C00BC804B /* PBXContainerItemProxy */;
		};
/* End PBXTargetDependency section */

/* Begin PBXVariantGroup section */
		3D2BE73F220231F200E28519 /* Main.storyboard */ = {
			isa = PBXVariantGroup;
			children = (
				3D2BE740220231F200E28519 /* Base */,
			);
			name = Main.storyboard;
			sourceTree = "<group>";
		};
		3D2BE744220231F300E28519 /* LaunchScreen.storyboard */ = {
			isa = PBXVariantGroup;
			children = (
				3D2BE745220231F300E28519 /* Base */,
			);
			name = LaunchScreen.storyboard;
			sourceTree = "<group>";
		};
		578F899D2219AA7E001B1B97 /* Main.storyboard */ = {
			isa = PBXVariantGroup;
			children = (
				578F899E2219AA7E001B1B97 /* Base */,
			);
			name = Main.storyboard;
			sourceTree = "<group>";
		};
/* End PBXVariantGroup section */

/* Begin XCBuildConfiguration section */
		3D2BE748220231F300E28519 /* Debug */ = {
			isa = XCBuildConfiguration;
			buildSettings = {
				ALWAYS_SEARCH_USER_PATHS = NO;
				CLANG_ANALYZER_NONNULL = YES;
				CLANG_ANALYZER_NUMBER_OBJECT_CONVERSION = YES_AGGRESSIVE;
				CLANG_CXX_LANGUAGE_STANDARD = "gnu++14";
				CLANG_CXX_LIBRARY = "libc++";
				CLANG_ENABLE_MODULES = YES;
				CLANG_ENABLE_OBJC_ARC = YES;
				CLANG_ENABLE_OBJC_WEAK = YES;
				CLANG_WARN_BLOCK_CAPTURE_AUTORELEASING = YES;
				CLANG_WARN_BOOL_CONVERSION = YES;
				CLANG_WARN_COMMA = YES;
				CLANG_WARN_CONSTANT_CONVERSION = YES;
				CLANG_WARN_DEPRECATED_OBJC_IMPLEMENTATIONS = YES;
				CLANG_WARN_DIRECT_OBJC_ISA_USAGE = YES_ERROR;
				CLANG_WARN_DOCUMENTATION_COMMENTS = YES;
				CLANG_WARN_EMPTY_BODY = YES;
				CLANG_WARN_ENUM_CONVERSION = YES;
				CLANG_WARN_INFINITE_RECURSION = YES;
				CLANG_WARN_INT_CONVERSION = YES;
				CLANG_WARN_NON_LITERAL_NULL_CONVERSION = YES;
				CLANG_WARN_OBJC_IMPLICIT_RETAIN_SELF = YES;
				CLANG_WARN_OBJC_LITERAL_CONVERSION = YES;
				CLANG_WARN_OBJC_ROOT_CLASS = YES_ERROR;
				CLANG_WARN_RANGE_LOOP_ANALYSIS = YES;
				CLANG_WARN_STRICT_PROTOTYPES = YES;
				CLANG_WARN_SUSPICIOUS_MOVE = YES;
				CLANG_WARN_UNGUARDED_AVAILABILITY = YES_AGGRESSIVE;
				CLANG_WARN_UNREACHABLE_CODE = YES;
				CLANG_WARN__DUPLICATE_METHOD_MATCH = YES;
				CODE_SIGN_IDENTITY = "iPhone Developer";
				COPY_PHASE_STRIP = NO;
				DEBUG_INFORMATION_FORMAT = dwarf;
				ENABLE_STRICT_OBJC_MSGSEND = YES;
				ENABLE_TESTABILITY = YES;
				GCC_C_LANGUAGE_STANDARD = gnu11;
				GCC_DYNAMIC_NO_PIC = NO;
				GCC_NO_COMMON_BLOCKS = YES;
				GCC_OPTIMIZATION_LEVEL = 0;
				GCC_PREPROCESSOR_DEFINITIONS = (
					"DEBUG=1",
					"$(inherited)",
				);
				GCC_WARN_64_TO_32_BIT_CONVERSION = YES;
				GCC_WARN_ABOUT_RETURN_TYPE = YES_ERROR;
				GCC_WARN_UNDECLARED_SELECTOR = YES;
				GCC_WARN_UNINITIALIZED_AUTOS = YES_AGGRESSIVE;
				GCC_WARN_UNUSED_FUNCTION = YES;
				GCC_WARN_UNUSED_VARIABLE = YES;
				IPHONEOS_DEPLOYMENT_TARGET = 12.1;
				MTL_ENABLE_DEBUG_INFO = INCLUDE_SOURCE;
				MTL_FAST_MATH = YES;
				ONLY_ACTIVE_ARCH = YES;
				SDKROOT = iphoneos;
				SWIFT_ACTIVE_COMPILATION_CONDITIONS = DEBUG;
				SWIFT_OPTIMIZATION_LEVEL = "-Onone";
			};
			name = Debug;
		};
		3D2BE749220231F300E28519 /* Release */ = {
			isa = XCBuildConfiguration;
			buildSettings = {
				ALWAYS_SEARCH_USER_PATHS = NO;
				CLANG_ANALYZER_NONNULL = YES;
				CLANG_ANALYZER_NUMBER_OBJECT_CONVERSION = YES_AGGRESSIVE;
				CLANG_CXX_LANGUAGE_STANDARD = "gnu++14";
				CLANG_CXX_LIBRARY = "libc++";
				CLANG_ENABLE_MODULES = YES;
				CLANG_ENABLE_OBJC_ARC = YES;
				CLANG_ENABLE_OBJC_WEAK = YES;
				CLANG_WARN_BLOCK_CAPTURE_AUTORELEASING = YES;
				CLANG_WARN_BOOL_CONVERSION = YES;
				CLANG_WARN_COMMA = YES;
				CLANG_WARN_CONSTANT_CONVERSION = YES;
				CLANG_WARN_DEPRECATED_OBJC_IMPLEMENTATIONS = YES;
				CLANG_WARN_DIRECT_OBJC_ISA_USAGE = YES_ERROR;
				CLANG_WARN_DOCUMENTATION_COMMENTS = YES;
				CLANG_WARN_EMPTY_BODY = YES;
				CLANG_WARN_ENUM_CONVERSION = YES;
				CLANG_WARN_INFINITE_RECURSION = YES;
				CLANG_WARN_INT_CONVERSION = YES;
				CLANG_WARN_NON_LITERAL_NULL_CONVERSION = YES;
				CLANG_WARN_OBJC_IMPLICIT_RETAIN_SELF = YES;
				CLANG_WARN_OBJC_LITERAL_CONVERSION = YES;
				CLANG_WARN_OBJC_ROOT_CLASS = YES_ERROR;
				CLANG_WARN_RANGE_LOOP_ANALYSIS = YES;
				CLANG_WARN_STRICT_PROTOTYPES = YES;
				CLANG_WARN_SUSPICIOUS_MOVE = YES;
				CLANG_WARN_UNGUARDED_AVAILABILITY = YES_AGGRESSIVE;
				CLANG_WARN_UNREACHABLE_CODE = YES;
				CLANG_WARN__DUPLICATE_METHOD_MATCH = YES;
				CODE_SIGN_IDENTITY = "iPhone Developer";
				COPY_PHASE_STRIP = NO;
				DEBUG_INFORMATION_FORMAT = "dwarf-with-dsym";
				ENABLE_NS_ASSERTIONS = NO;
				ENABLE_STRICT_OBJC_MSGSEND = YES;
				GCC_C_LANGUAGE_STANDARD = gnu11;
				GCC_NO_COMMON_BLOCKS = YES;
				GCC_WARN_64_TO_32_BIT_CONVERSION = YES;
				GCC_WARN_ABOUT_RETURN_TYPE = YES_ERROR;
				GCC_WARN_UNDECLARED_SELECTOR = YES;
				GCC_WARN_UNINITIALIZED_AUTOS = YES_AGGRESSIVE;
				GCC_WARN_UNUSED_FUNCTION = YES;
				GCC_WARN_UNUSED_VARIABLE = YES;
				IPHONEOS_DEPLOYMENT_TARGET = 12.1;
				MTL_ENABLE_DEBUG_INFO = NO;
				MTL_FAST_MATH = YES;
				SDKROOT = iphoneos;
				SWIFT_COMPILATION_MODE = wholemodule;
				SWIFT_OPTIMIZATION_LEVEL = "-O";
				VALIDATE_PRODUCT = YES;
			};
			name = Release;
		};
		3D2BE74B220231F300E28519 /* Debug */ = {
			isa = XCBuildConfiguration;
			buildSettings = {
				ASSETCATALOG_COMPILER_APPICON_NAME = AppIcon;
				CODE_SIGN_STYLE = Automatic;
				DEVELOPMENT_TEAM = 3C42F7N9CQ;
				INFOPLIST_FILE = CoreDexter/Info.plist;
				LD_RUNPATH_SEARCH_PATHS = (
					"$(inherited)",
					"@executable_path/Frameworks",
				);
				OTHER_SWIFT_FLAGS = "";
				PRODUCT_BUNDLE_IDENTIFIER = com.jossy.CoreDexter;
				PRODUCT_NAME = "$(TARGET_NAME)";
				SWIFT_VERSION = 4.2;
				TARGETED_DEVICE_FAMILY = "1,2";
			};
			name = Debug;
		};
		3D2BE74C220231F300E28519 /* Release */ = {
			isa = XCBuildConfiguration;
			buildSettings = {
				ASSETCATALOG_COMPILER_APPICON_NAME = AppIcon;
				CODE_SIGN_STYLE = Automatic;
				DEVELOPMENT_TEAM = 3C42F7N9CQ;
				INFOPLIST_FILE = CoreDexter/Info.plist;
				LD_RUNPATH_SEARCH_PATHS = (
					"$(inherited)",
					"@executable_path/Frameworks",
				);
				OTHER_SWIFT_FLAGS = "";
				PRODUCT_BUNDLE_IDENTIFIER = com.jossy.CoreDexter;
				PRODUCT_NAME = "$(TARGET_NAME)";
				SWIFT_VERSION = 4.2;
				TARGETED_DEVICE_FAMILY = "1,2";
			};
			name = Release;
		};
		5751DC70221A253400BC804B /* Debug */ = {
			isa = XCBuildConfiguration;
			buildSettings = {
				CODE_SIGN_IDENTITY = "";
				CODE_SIGN_STYLE = Automatic;
				CURRENT_PROJECT_VERSION = 1;
				DEFINES_MODULE = YES;
				DEVELOPMENT_TEAM = 3C42F7N9CQ;
				DYLIB_COMPATIBILITY_VERSION = 1;
				DYLIB_CURRENT_VERSION = 1;
				DYLIB_INSTALL_NAME_BASE = "@rpath";
				INFOPLIST_FILE = "PokemonVisualiser-tvos/Info.plist";
				INSTALL_PATH = "$(LOCAL_LIBRARY_DIR)/Frameworks";
				LD_RUNPATH_SEARCH_PATHS = (
					"$(inherited)",
					"@executable_path/Frameworks",
					"@loader_path/Frameworks",
				);
				PRODUCT_BUNDLE_IDENTIFIER = "co.jossy.PokemonVisualiser-tvos";
				PRODUCT_NAME = "$(TARGET_NAME:c99extidentifier)";
				SDKROOT = appletvos;
				SKIP_INSTALL = YES;
				SWIFT_VERSION = 4.2;
				TARGETED_DEVICE_FAMILY = 3;
				TVOS_DEPLOYMENT_TARGET = 12.1;
				VERSIONING_SYSTEM = "apple-generic";
				VERSION_INFO_PREFIX = "";
			};
			name = Debug;
		};
		5751DC71221A253400BC804B /* Release */ = {
			isa = XCBuildConfiguration;
			buildSettings = {
				CODE_SIGN_IDENTITY = "";
				CODE_SIGN_STYLE = Automatic;
				CURRENT_PROJECT_VERSION = 1;
				DEFINES_MODULE = YES;
				DEVELOPMENT_TEAM = 3C42F7N9CQ;
				DYLIB_COMPATIBILITY_VERSION = 1;
				DYLIB_CURRENT_VERSION = 1;
				DYLIB_INSTALL_NAME_BASE = "@rpath";
				INFOPLIST_FILE = "PokemonVisualiser-tvos/Info.plist";
				INSTALL_PATH = "$(LOCAL_LIBRARY_DIR)/Frameworks";
				LD_RUNPATH_SEARCH_PATHS = (
					"$(inherited)",
					"@executable_path/Frameworks",
					"@loader_path/Frameworks",
				);
				PRODUCT_BUNDLE_IDENTIFIER = "co.jossy.PokemonVisualiser-tvos";
				PRODUCT_NAME = "$(TARGET_NAME:c99extidentifier)";
				SDKROOT = appletvos;
				SKIP_INSTALL = YES;
				SWIFT_VERSION = 4.2;
				TARGETED_DEVICE_FAMILY = 3;
				TVOS_DEPLOYMENT_TARGET = 12.1;
				VERSIONING_SYSTEM = "apple-generic";
				VERSION_INFO_PREFIX = "";
			};
			name = Release;
		};
		578F89A42219AA80001B1B97 /* Debug */ = {
			isa = XCBuildConfiguration;
			buildSettings = {
				ALWAYS_EMBED_SWIFT_STANDARD_LIBRARIES = YES;
				ASSETCATALOG_COMPILER_APPICON_NAME = "App Icon & Top Shelf Image";
				ASSETCATALOG_COMPILER_LAUNCHIMAGE_NAME = LaunchImage;
				CODE_SIGN_STYLE = Automatic;
				DEVELOPMENT_TEAM = 3C42F7N9CQ;
				INFOPLIST_FILE = PokeScene/Info.plist;
				LD_RUNPATH_SEARCH_PATHS = (
					"$(inherited)",
					"@executable_path/Frameworks",
				);
				PRODUCT_BUNDLE_IDENTIFIER = co.jossy.PokeScene;
				PRODUCT_NAME = "$(TARGET_NAME)";
				SDKROOT = appletvos;
				SWIFT_VERSION = 4.2;
				TARGETED_DEVICE_FAMILY = 3;
				TVOS_DEPLOYMENT_TARGET = 12.1;
			};
			name = Debug;
		};
		578F89A52219AA80001B1B97 /* Release */ = {
			isa = XCBuildConfiguration;
			buildSettings = {
				ALWAYS_EMBED_SWIFT_STANDARD_LIBRARIES = YES;
				ASSETCATALOG_COMPILER_APPICON_NAME = "App Icon & Top Shelf Image";
				ASSETCATALOG_COMPILER_LAUNCHIMAGE_NAME = LaunchImage;
				CODE_SIGN_STYLE = Automatic;
				DEVELOPMENT_TEAM = 3C42F7N9CQ;
				INFOPLIST_FILE = PokeScene/Info.plist;
				LD_RUNPATH_SEARCH_PATHS = (
					"$(inherited)",
					"@executable_path/Frameworks",
				);
				PRODUCT_BUNDLE_IDENTIFIER = co.jossy.PokeScene;
				PRODUCT_NAME = "$(TARGET_NAME)";
				SDKROOT = appletvos;
				SWIFT_VERSION = 4.2;
				TARGETED_DEVICE_FAMILY = 3;
				TVOS_DEPLOYMENT_TARGET = 12.1;
			};
			name = Release;
		};
/* End XCBuildConfiguration section */

/* Begin XCConfigurationList section */
		3D2BE72E220231F200E28519 /* Build configuration list for PBXProject "CoreDexter" */ = {
			isa = XCConfigurationList;
			buildConfigurations = (
				3D2BE748220231F300E28519 /* Debug */,
				3D2BE749220231F300E28519 /* Release */,
			);
			defaultConfigurationIsVisible = 0;
			defaultConfigurationName = Release;
		};
		3D2BE74A220231F300E28519 /* Build configuration list for PBXNativeTarget "CoreDexter" */ = {
			isa = XCConfigurationList;
			buildConfigurations = (
				3D2BE74B220231F300E28519 /* Debug */,
				3D2BE74C220231F300E28519 /* Release */,
			);
			defaultConfigurationIsVisible = 0;
			defaultConfigurationName = Release;
		};
		5751DC72221A253400BC804B /* Build configuration list for PBXNativeTarget "PokemonVisualiser-tvos" */ = {
			isa = XCConfigurationList;
			buildConfigurations = (
				5751DC70221A253400BC804B /* Debug */,
				5751DC71221A253400BC804B /* Release */,
			);
			defaultConfigurationIsVisible = 0;
			defaultConfigurationName = Release;
		};
		578F89A32219AA80001B1B97 /* Build configuration list for PBXNativeTarget "PokeScene" */ = {
			isa = XCConfigurationList;
			buildConfigurations = (
				578F89A42219AA80001B1B97 /* Debug */,
				578F89A52219AA80001B1B97 /* Release */,
			);
			defaultConfigurationIsVisible = 0;
			defaultConfigurationName = Release;
		};
/* End XCConfigurationList section */

/* Begin XCVersionGroup section */
		3D2BE738220231F200E28519 /* CoreDexter.xcdatamodeld */ = {
			isa = XCVersionGroup;
			children = (
				3D2BE739220231F200E28519 /* CoreDexter.xcdatamodel */,
			);
			currentVersion = 3D2BE739220231F200E28519 /* CoreDexter.xcdatamodel */;
			path = CoreDexter.xcdatamodeld;
			sourceTree = "<group>";
			versionGroupType = wrapper.xcdatamodel;
		};
/* End XCVersionGroup section */
	};
	rootObject = 3D2BE72B220231F200E28519 /* Project object */;
}
